PODS:
  - HairlineConstraint (0.1.0)

DEPENDENCIES:
  - HairlineConstraint (from `../`)

EXTERNAL SOURCES:
  HairlineConstraint:
    :path: "../"

SPEC CHECKSUMS:
  HairlineConstraint: 300eab8e88634d8ddfcf4082e16c3c923e2d63cf

PODFILE CHECKSUM: b7b2a380282b422d17fd262f6b042a3e88fdd898

COCOAPODS: 1.2.1
